
Microsoft Visual Studio Solution File, Format Version 12.00
# Visual Studio 15
VisualStudioVersion = 15.0.27004.2002
MinimumVisualStudioVersion = 10.0.40219.1
Project("{FAE04EC0-301F-11D3-BF4B-00C04F79EFBC}") = "Kent.Libary", "Kent.Libary\Kent.Libary.csproj", "{80C5C756-44C4-46D7-81E6-807EE545A21E}"
EndProject
Project("{FAE04EC0-301F-11D3-BF4B-00C04F79EFBC}") = "Kent.Entities", "Kent.Entities\Kent.Entities.csproj", "{B2D09828-5830-46D5-A11C-898613CDE5F4}"
EndProject
Project("{FAE04EC0-301F-11D3-BF4B-00C04F79EFBC}") = "Kent.Web", "Kent.Web\Kent.Web.csproj", "{D1E2350B-413A-466B-9DE7-7B85669E1A98}"
EndProject
Project("{FAE04EC0-301F-11D3-BF4B-00C04F79EFBC}") = "Kent.Business", "Kent.Business\Kent.Business.csproj", "{D333235E-E38C-4E87-A3D5-EDC49EA1673F}"
EndProject
Global
	GlobalSection(SolutionConfigurationPlatforms) = preSolution
		Debug|Any CPU = Debug|Any CPU
		Release|Any CPU = Release|Any CPU
	EndGlobalSection
	GlobalSection(ProjectConfigurationPlatforms) = postSolution
		{80C5C756-44C4-46D7-81E6-807EE545A21E}.Debug|Any CPU.ActiveCfg = Debug|Any CPU
		{80C5C756-44C4-46D7-81E6-807EE545A21E}.Debug|Any CPU.Build.0 = Debug|Any CPU
		{80C5C756-44C4-46D7-81E6-807EE545A21E}.Release|Any CPU.ActiveCfg = Release|Any CPU
		{80C5C756-44C4-46D7-81E6-807EE545A21E}.Release|Any CPU.Build.0 = Release|Any CPU
		{B2D09828-5830-46D5-A11C-898613CDE5F4}.Debug|Any CPU.ActiveCfg = Debug|Any CPU
		{B2D09828-5830-46D5-A11C-898613CDE5F4}.Debug|Any CPU.Build.0 = Debug|Any CPU
		{B2D09828-5830-46D5-A11C-898613CDE5F4}.Release|Any CPU.ActiveCfg = Release|Any CPU
		{B2D09828-5830-46D5-A11C-898613CDE5F4}.Release|Any CPU.Build.0 = Release|Any CPU
		{D1E2350B-413A-466B-9DE7-7B85669E1A98}.Debug|Any CPU.ActiveCfg = Debug|Any CPU
		{D1E2350B-413A-466B-9DE7-7B85669E1A98}.Debug|Any CPU.Build.0 = Debug|Any CPU
		{D1E2350B-413A-466B-9DE7-7B85669E1A98}.Release|Any CPU.ActiveCfg = Release|Any CPU
		{D1E2350B-413A-466B-9DE7-7B85669E1A98}.Release|Any CPU.Build.0 = Release|Any CPU
		{D333235E-E38C-4E87-A3D5-EDC49EA1673F}.Debug|Any CPU.ActiveCfg = Debug|Any CPU
		{D333235E-E38C-4E87-A3D5-EDC49EA1673F}.Debug|Any CPU.Build.0 = Debug|Any CPU
		{D333235E-E38C-4E87-A3D5-EDC49EA1673F}.Release|Any CPU.ActiveCfg = Release|Any CPU
		{D333235E-E38C-4E87-A3D5-EDC49EA1673F}.Release|Any CPU.Build.0 = Release|Any CPU
	EndGlobalSection
	GlobalSection(SolutionProperties) = preSolution
		HideSolutionNode = FALSE
	EndGlobalSection
	GlobalSection(ExtensibilityGlobals) = postSolution
		SolutionGuid = {591CC3CF-DFCD-4B8B-A6A7-8200B974A456}
	EndGlobalSection
EndGlobal
